
Microsoft Visual Studio Solution File, Format Version 12.00
# Visual Studio 15
VisualStudioVersion = 15.0.27703.2026
MinimumVisualStudioVersion = 10.0.40219.1
Project("{FAE04EC0-301F-11D3-BF4B-00C04F79EFBC}") = "FrdModBot", "FrdModBot\FrdModBot.csproj", "{4D44C972-CA36-41CD-81DA-C140D1C0F837}"
EndProject
Project("{FAE04EC0-301F-11D3-BF4B-00C04F79EFBC}") = "RedditWrapper", "RedditWrapper\RedditWrapper.csproj", "{A80DC726-8E7D-4A05-9242-5EADF4AE1158}"
EndProject
Global
	GlobalSection(SolutionConfigurationPlatforms) = preSolution
		Debug|Any CPU = Debug|Any CPU
		Release|Any CPU = Release|Any CPU
	EndGlobalSection
	GlobalSection(ProjectConfigurationPlatforms) = postSolution
		{4D44C972-CA36-41CD-81DA-C140D1C0F837}.Debug|Any CPU.ActiveCfg = Debug|Any CPU
		{4D44C972-CA36-41CD-81DA-C140D1C0F837}.Debug|Any CPU.Build.0 = Debug|Any CPU
		{4D44C972-CA36-41CD-81DA-C140D1C0F837}.Release|Any CPU.ActiveCfg = Release|Any CPU
		{4D44C972-CA36-41CD-81DA-C140D1C0F837}.Release|Any CPU.Build.0 = Release|Any CPU
		{A80DC726-8E7D-4A05-9242-5EADF4AE1158}.Debug|Any CPU.ActiveCfg = Debug|Any CPU
		{A80DC726-8E7D-4A05-9242-5EADF4AE1158}.Debug|Any CPU.Build.0 = Debug|Any CPU
		{A80DC726-8E7D-4A05-9242-5EADF4AE1158}.Release|Any CPU.ActiveCfg = Release|Any CPU
		{A80DC726-8E7D-4A05-9242-5EADF4AE1158}.Release|Any CPU.Build.0 = Release|Any CPU
	EndGlobalSection
	GlobalSection(SolutionProperties) = preSolution
		HideSolutionNode = FALSE
	EndGlobalSection
	GlobalSection(ExtensibilityGlobals) = postSolution
		SolutionGuid = {408F5C02-1F80-4365-B758-3EA532845D42}
	EndGlobalSection
EndGlobal
